PODS:
  - Crashlytics (3.8.3):
    - Fabric (~> 1.6.3)
  - Digits (2.7.0):
    - TwitterCore (= 2.7.0)
  - Fabric (1.6.11)
  - MGSwipeTableCell (1.5.6)
  - Realm (2.1.1):
    - Realm/Headers (= 2.1.1)
  - Realm/Headers (2.1.1)
  - RealmSwift (2.1.1):
    - Realm (= 2.1.1)
  - SwiftyJSON (3.1.3)
  - TwitterCore (2.7.0):
    - Fabric

DEPENDENCIES:
  - Crashlytics
  - Digits
  - Fabric
  - MGSwipeTableCell (~> 1.5)
  - RealmSwift (~> 2.1)
  - SwiftyJSON (~> 3.1)
  - TwitterCore

SPEC CHECKSUMS:
  Crashlytics: 2b6dbe138a42395577cfa73dfa1aa7248cadf39e
  Digits: 67a14dea7cd470b2438380a09371bcdadc50d94e
  Fabric: 5911403591946b8228ab1c51d98f1d7137e863c6
  MGSwipeTableCell: 616700eb0ffd1c611ba909066cb7fd739790a0a7
  Realm: a55959c0b171a5fe5267406d17f314fec3cefaae
  RealmSwift: 749fd955bf8d6471c21d218b9389a47aaeccfe3f
  SwiftyJSON: 38a8ea2006779c0fc4c310cb2ee8195327740faf
  TwitterCore: fbdbeaf6d2d20cf7c7aa4136fe5173c1c85df2e2

PODFILE CHECKSUM: 43e0bc678098269716329563b6186f92556443a3

COCOAPODS: 1.1.1
