// !$*UTF8*$!
{
	archiveVersion = 1;
	classes = {
	};
	objectVersion = 46;
	objects = {

/* Begin PBXBuildFile section */
		0AB716CFB0CB41EF6CBE31DA /* Pods.framework in Frameworks */ = {isa = PBXBuildFile; fileRef = BE78741D227213861837DA59 /* Pods.framework */; };
		EB037BB31CB9664400CDB13E /* ArticleCell.xib in Resources */ = {isa = PBXBuildFile; fileRef = EB037BB01CB9664400CDB13E /* ArticleCell.xib */; };
		EB037BB41CB9664400CDB13E /* LargeArticleCell.xib in Resources */ = {isa = PBXBuildFile; fileRef = EB037BB11CB9664400CDB13E /* LargeArticleCell.xib */; };
		EB037BB51CB9664400CDB13E /* NoImageArticleCell.xib in Resources */ = {isa = PBXBuildFile; fileRef = EB037BB21CB9664400CDB13E /* NoImageArticleCell.xib */; };
		EB037BCB1CB9794000CDB13E /* OnboardingViewController.swift in Sources */ = {isa = PBXBuildFile; fileRef = EB037BCA1CB9794000CDB13E /* OnboardingViewController.swift */; };
		EB037BCD1CB97AB200CDB13E /* ColorConstants.swift in Sources */ = {isa = PBXBuildFile; fileRef = EB037BCC1CB97AB200CDB13E /* ColorConstants.swift */; };
		EB037BCF1CB98DED00CDB13E /* Language.swift in Sources */ = {isa = PBXBuildFile; fileRef = EB037BCE1CB98DED00CDB13E /* Language.swift */; };
		EB037BD11CB9A03300CDB13E /* AccentTabBar.swift in Sources */ = {isa = PBXBuildFile; fileRef = EB037BD01CB9A03300CDB13E /* AccentTabBar.swift */; };
		EB037BD31CB9B09500CDB13E /* AccentTabView.swift in Sources */ = {isa = PBXBuildFile; fileRef = EB037BD21CB9B09500CDB13E /* AccentTabView.swift */; };
		EB037BDB1CB9B8A200CDB13E /* ShareViewController.swift in Sources */ = {isa = PBXBuildFile; fileRef = EB037BDA1CB9B8A200CDB13E /* ShareViewController.swift */; };
		EB037BDE1CB9B8A200CDB13E /* MainInterface.storyboard in Resources */ = {isa = PBXBuildFile; fileRef = EB037BDC1CB9B8A200CDB13E /* MainInterface.storyboard */; };
		EB037BE21CB9B8A200CDB13E /* Add to Accent.appex in Embed App Extensions */ = {isa = PBXBuildFile; fileRef = EB037BD81CB9B8A100CDB13E /* Add to Accent.appex */; settings = {ATTRIBUTES = (RemoveHeadersOnCopy, ); }; };
		EB037BEA1CB9E64F00CDB13E /* Article.swift in Sources */ = {isa = PBXBuildFile; fileRef = EB037BE91CB9E64F00CDB13E /* Article.swift */; };
		EB037BEC1CB9F0F500CDB13E /* Translation.swift in Sources */ = {isa = PBXBuildFile; fileRef = EB037BEB1CB9F0F500CDB13E /* Translation.swift */; };
		EB334FAF1CB96434009A3985 /* AppDelegate.swift in Sources */ = {isa = PBXBuildFile; fileRef = EB334FAE1CB96434009A3985 /* AppDelegate.swift */; };
		EB334FB41CB96434009A3985 /* Main.storyboard in Resources */ = {isa = PBXBuildFile; fileRef = EB334FB21CB96434009A3985 /* Main.storyboard */; };
		EB334FB61CB96434009A3985 /* Assets.xcassets in Resources */ = {isa = PBXBuildFile; fileRef = EB334FB51CB96434009A3985 /* Assets.xcassets */; };
		EB334FB91CB96434009A3985 /* LaunchScreen.storyboard in Resources */ = {isa = PBXBuildFile; fileRef = EB334FB71CB96434009A3985 /* LaunchScreen.storyboard */; };
		EB4A422E1CBC7E0B004EF565 /* SettingsViewController.swift in Sources */ = {isa = PBXBuildFile; fileRef = EB4A422D1CBC7E0B004EF565 /* SettingsViewController.swift */; };
		EB4A42301CBC8CE5004EF565 /* DeviceInfo.swift in Sources */ = {isa = PBXBuildFile; fileRef = EB4A422F1CBC8CE5004EF565 /* DeviceInfo.swift */; };
		EB4A42321CBC8D59004EF565 /* Reachability.swift in Sources */ = {isa = PBXBuildFile; fileRef = EB4A42311CBC8D59004EF565 /* Reachability.swift */; };
		EBBA559C1CB964EC0082642D /* ArticlesViewController.swift in Sources */ = {isa = PBXBuildFile; fileRef = EBBA559B1CB964EC0082642D /* ArticlesViewController.swift */; };
		EBBA559E1CB964FD0082642D /* ArticleViewController.swift in Sources */ = {isa = PBXBuildFile; fileRef = EBBA559D1CB964FD0082642D /* ArticleViewController.swift */; };
		EBBA55A01CB965140082642D /* LanguageViewController.swift in Sources */ = {isa = PBXBuildFile; fileRef = EBBA559F1CB965140082642D /* LanguageViewController.swift */; };
		EBBA55A41CB9652B0082642D /* ArticleTextView.swift in Sources */ = {isa = PBXBuildFile; fileRef = EBBA55A31CB9652B0082642D /* ArticleTextView.swift */; };
		EBBA55A61CB965470082642D /* ArticleCell.swift in Sources */ = {isa = PBXBuildFile; fileRef = EBBA55A51CB965470082642D /* ArticleCell.swift */; };
		EBBA55A81CB9655C0082642D /* Quizlet.swift in Sources */ = {isa = PBXBuildFile; fileRef = EBBA55A71CB9655C0082642D /* Quizlet.swift */; };
		EBBA55AA1CB9656C0082642D /* Accent.swift in Sources */ = {isa = PBXBuildFile; fileRef = EBBA55A91CB9656C0082642D /* Accent.swift */; };
		EBBF22611CBA91CB00CDA5BB /* Images.xcassets in Resources */ = {isa = PBXBuildFile; fileRef = EBBF22601CBA91CB00CDA5BB /* Images.xcassets */; };
		EBF868DA1CBEE9AE00C9A15E /* AudioBar.swift in Sources */ = {isa = PBXBuildFile; fileRef = EBF868D91CBEE9AE00C9A15E /* AudioBar.swift */; };
/* End PBXBuildFile section */

/* Begin PBXContainerItemProxy section */
		EB037BE01CB9B8A200CDB13E /* PBXContainerItemProxy */ = {
			isa = PBXContainerItemProxy;
			containerPortal = EB334FA31CB96434009A3985 /* Project object */;
			proxyType = 1;
			remoteGlobalIDString = EB037BD71CB9B8A100CDB13E;
			remoteInfo = "Add to Accent";
		};
/* End PBXContainerItemProxy section */

/* Begin PBXCopyFilesBuildPhase section */
		EB037BE61CB9B8A200CDB13E /* Embed App Extensions */ = {
			isa = PBXCopyFilesBuildPhase;
			buildActionMask = 2147483647;
			dstPath = "";
			dstSubfolderSpec = 13;
			files = (
				EB037BE21CB9B8A200CDB13E /* Add to Accent.appex in Embed App Extensions */,
			);
			name = "Embed App Extensions";
			runOnlyForDeploymentPostprocessing = 0;
		};
/* End PBXCopyFilesBuildPhase section */

/* Begin PBXFileReference section */
		041EEF364B27E3387B94BFB5 /* Pods.debug.xcconfig */ = {isa = PBXFileReference; includeInIndex = 1; lastKnownFileType = text.xcconfig; name = Pods.debug.xcconfig; path = "Pods/Target Support Files/Pods/Pods.debug.xcconfig"; sourceTree = "<group>"; };
		B040039E3633DC711F645CF4 /* Pods.release.xcconfig */ = {isa = PBXFileReference; includeInIndex = 1; lastKnownFileType = text.xcconfig; name = Pods.release.xcconfig; path = "Pods/Target Support Files/Pods/Pods.release.xcconfig"; sourceTree = "<group>"; };
		BE78741D227213861837DA59 /* Pods.framework */ = {isa = PBXFileReference; explicitFileType = wrapper.framework; includeInIndex = 0; path = Pods.framework; sourceTree = BUILT_PRODUCTS_DIR; };
		EB037BB01CB9664400CDB13E /* ArticleCell.xib */ = {isa = PBXFileReference; fileEncoding = 4; lastKnownFileType = file.xib; path = ArticleCell.xib; sourceTree = "<group>"; };
		EB037BB11CB9664400CDB13E /* LargeArticleCell.xib */ = {isa = PBXFileReference; fileEncoding = 4; lastKnownFileType = file.xib; path = LargeArticleCell.xib; sourceTree = "<group>"; };
		EB037BB21CB9664400CDB13E /* NoImageArticleCell.xib */ = {isa = PBXFileReference; fileEncoding = 4; lastKnownFileType = file.xib; path = NoImageArticleCell.xib; sourceTree = "<group>"; };
		EB037BCA1CB9794000CDB13E /* OnboardingViewController.swift */ = {isa = PBXFileReference; fileEncoding = 4; lastKnownFileType = sourcecode.swift; path = OnboardingViewController.swift; sourceTree = "<group>"; };
		EB037BCC1CB97AB200CDB13E /* ColorConstants.swift */ = {isa = PBXFileReference; fileEncoding = 4; lastKnownFileType = sourcecode.swift; path = ColorConstants.swift; sourceTree = "<group>"; };
		EB037BCE1CB98DED00CDB13E /* Language.swift */ = {isa = PBXFileReference; fileEncoding = 4; lastKnownFileType = sourcecode.swift; path = Language.swift; sourceTree = "<group>"; };
		EB037BD01CB9A03300CDB13E /* AccentTabBar.swift */ = {isa = PBXFileReference; fileEncoding = 4; lastKnownFileType = sourcecode.swift; path = AccentTabBar.swift; sourceTree = "<group>"; };
		EB037BD21CB9B09500CDB13E /* AccentTabView.swift */ = {isa = PBXFileReference; fileEncoding = 4; lastKnownFileType = sourcecode.swift; path = AccentTabView.swift; sourceTree = "<group>"; };
		EB037BD81CB9B8A100CDB13E /* Add to Accent.appex */ = {isa = PBXFileReference; explicitFileType = "wrapper.app-extension"; includeInIndex = 0; path = "Add to Accent.appex"; sourceTree = BUILT_PRODUCTS_DIR; };
		EB037BDA1CB9B8A200CDB13E /* ShareViewController.swift */ = {isa = PBXFileReference; lastKnownFileType = sourcecode.swift; path = ShareViewController.swift; sourceTree = "<group>"; };
		EB037BDD1CB9B8A200CDB13E /* Base */ = {isa = PBXFileReference; lastKnownFileType = file.storyboard; name = Base; path = Base.lproj/MainInterface.storyboard; sourceTree = "<group>"; };
		EB037BDF1CB9B8A200CDB13E /* Info.plist */ = {isa = PBXFileReference; lastKnownFileType = text.plist.xml; path = Info.plist; sourceTree = "<group>"; };
		EB037BE71CB9DE7F00CDB13E /* Accent.entitlements */ = {isa = PBXFileReference; lastKnownFileType = text.xml; path = Accent.entitlements; sourceTree = "<group>"; };
		EB037BE81CB9E0D400CDB13E /* Add to Accent.entitlements */ = {isa = PBXFileReference; lastKnownFileType = text.xml; path = "Add to Accent.entitlements"; sourceTree = "<group>"; };
		EB037BE91CB9E64F00CDB13E /* Article.swift */ = {isa = PBXFileReference; fileEncoding = 4; lastKnownFileType = sourcecode.swift; path = Article.swift; sourceTree = "<group>"; };
		EB037BEB1CB9F0F500CDB13E /* Translation.swift */ = {isa = PBXFileReference; fileEncoding = 4; lastKnownFileType = sourcecode.swift; path = Translation.swift; sourceTree = "<group>"; };
		EB334FAB1CB96434009A3985 /* Accent.app */ = {isa = PBXFileReference; explicitFileType = wrapper.application; includeInIndex = 0; path = Accent.app; sourceTree = BUILT_PRODUCTS_DIR; };
		EB334FAE1CB96434009A3985 /* AppDelegate.swift */ = {isa = PBXFileReference; lastKnownFileType = sourcecode.swift; path = AppDelegate.swift; sourceTree = "<group>"; };
		EB334FB31CB96434009A3985 /* Base */ = {isa = PBXFileReference; lastKnownFileType = file.storyboard; name = Base; path = Base.lproj/Main.storyboard; sourceTree = "<group>"; };
		EB334FB51CB96434009A3985 /* Assets.xcassets */ = {isa = PBXFileReference; lastKnownFileType = folder.assetcatalog; path = Assets.xcassets; sourceTree = "<group>"; };
		EB334FB81CB96434009A3985 /* Base */ = {isa = PBXFileReference; lastKnownFileType = file.storyboard; name = Base; path = Base.lproj/LaunchScreen.storyboard; sourceTree = "<group>"; };
		EB334FBA1CB96434009A3985 /* Info.plist */ = {isa = PBXFileReference; lastKnownFileType = text.plist.xml; path = Info.plist; sourceTree = "<group>"; };
		EB4A422D1CBC7E0B004EF565 /* SettingsViewController.swift */ = {isa = PBXFileReference; fileEncoding = 4; lastKnownFileType = sourcecode.swift; path = SettingsViewController.swift; sourceTree = "<group>"; };
		EB4A422F1CBC8CE5004EF565 /* DeviceInfo.swift */ = {isa = PBXFileReference; fileEncoding = 4; lastKnownFileType = sourcecode.swift; path = DeviceInfo.swift; sourceTree = "<group>"; };
		EB4A42311CBC8D59004EF565 /* Reachability.swift */ = {isa = PBXFileReference; fileEncoding = 4; lastKnownFileType = sourcecode.swift; path = Reachability.swift; sourceTree = "<group>"; };
		EBBA559B1CB964EC0082642D /* ArticlesViewController.swift */ = {isa = PBXFileReference; fileEncoding = 4; lastKnownFileType = sourcecode.swift; path = ArticlesViewController.swift; sourceTree = "<group>"; };
		EBBA559D1CB964FD0082642D /* ArticleViewController.swift */ = {isa = PBXFileReference; fileEncoding = 4; lastKnownFileType = sourcecode.swift; path = ArticleViewController.swift; sourceTree = "<group>"; };
		EBBA559F1CB965140082642D /* LanguageViewController.swift */ = {isa = PBXFileReference; fileEncoding = 4; lastKnownFileType = sourcecode.swift; path = LanguageViewController.swift; sourceTree = "<group>"; };
		EBBA55A31CB9652B0082642D /* ArticleTextView.swift */ = {isa = PBXFileReference; fileEncoding = 4; lastKnownFileType = sourcecode.swift; path = ArticleTextView.swift; sourceTree = "<group>"; };
		EBBA55A51CB965470082642D /* ArticleCell.swift */ = {isa = PBXFileReference; fileEncoding = 4; lastKnownFileType = sourcecode.swift; path = ArticleCell.swift; sourceTree = "<group>"; };
		EBBA55A71CB9655C0082642D /* Quizlet.swift */ = {isa = PBXFileReference; fileEncoding = 4; lastKnownFileType = sourcecode.swift; path = Quizlet.swift; sourceTree = "<group>"; };
		EBBA55A91CB9656C0082642D /* Accent.swift */ = {isa = PBXFileReference; fileEncoding = 4; lastKnownFileType = sourcecode.swift; path = Accent.swift; sourceTree = "<group>"; };
		EBBF22601CBA91CB00CDA5BB /* Images.xcassets */ = {isa = PBXFileReference; lastKnownFileType = folder.assetcatalog; path = Images.xcassets; sourceTree = "<group>"; };
		EBF868D91CBEE9AE00C9A15E /* AudioBar.swift */ = {isa = PBXFileReference; fileEncoding = 4; lastKnownFileType = sourcecode.swift; path = AudioBar.swift; sourceTree = "<group>"; };
/* End PBXFileReference section */

/* Begin PBXFrameworksBuildPhase section */
		EB037BD51CB9B8A100CDB13E /* Frameworks */ = {
			isa = PBXFrameworksBuildPhase;
			buildActionMask = 2147483647;
			files = (
			);
			runOnlyForDeploymentPostprocessing = 0;
		};
		EB334FA81CB96434009A3985 /* Frameworks */ = {
			isa = PBXFrameworksBuildPhase;
			buildActionMask = 2147483647;
			files = (
				0AB716CFB0CB41EF6CBE31DA /* Pods.framework in Frameworks */,
			);
			runOnlyForDeploymentPostprocessing = 0;
		};
/* End PBXFrameworksBuildPhase section */

/* Begin PBXGroup section */
		881E50FDB7FD245F4EDA5895 /* Frameworks */ = {
			isa = PBXGroup;
			children = (
				BE78741D227213861837DA59 /* Pods.framework */,
			);
			name = Frameworks;
			sourceTree = "<group>";
		};
		DAD4ED663E9531F1C53DD4EA /* Pods */ = {
			isa = PBXGroup;
			children = (
				041EEF364B27E3387B94BFB5 /* Pods.debug.xcconfig */,
				B040039E3633DC711F645CF4 /* Pods.release.xcconfig */,
			);
			name = Pods;
			sourceTree = "<group>";
		};
		EB037BD91CB9B8A200CDB13E /* Add to Accent */ = {
			isa = PBXGroup;
			children = (
				EB037BE81CB9E0D400CDB13E /* Add to Accent.entitlements */,
				EB037BDA1CB9B8A200CDB13E /* ShareViewController.swift */,
				EB037BDC1CB9B8A200CDB13E /* MainInterface.storyboard */,
				EB037BDF1CB9B8A200CDB13E /* Info.plist */,
				EBBF22601CBA91CB00CDA5BB /* Images.xcassets */,
			);
			path = "Add to Accent";
			sourceTree = "<group>";
		};
		EB334FA21CB96434009A3985 = {
			isa = PBXGroup;
			children = (
				EB334FAD1CB96434009A3985 /* Accent */,
				EB037BD91CB9B8A200CDB13E /* Add to Accent */,
				EB334FAC1CB96434009A3985 /* Products */,
				DAD4ED663E9531F1C53DD4EA /* Pods */,
				881E50FDB7FD245F4EDA5895 /* Frameworks */,
			);
			sourceTree = "<group>";
		};
		EB334FAC1CB96434009A3985 /* Products */ = {
			isa = PBXGroup;
			children = (
				EB334FAB1CB96434009A3985 /* Accent.app */,
				EB037BD81CB9B8A100CDB13E /* Add to Accent.appex */,
			);
			name = Products;
			sourceTree = "<group>";
		};
		EB334FAD1CB96434009A3985 /* Accent */ = {
			isa = PBXGroup;
			children = (
				EB037BE71CB9DE7F00CDB13E /* Accent.entitlements */,
				EB334FAE1CB96434009A3985 /* AppDelegate.swift */,
				EBBA55A71CB9655C0082642D /* Quizlet.swift */,
				EB037BCC1CB97AB200CDB13E /* ColorConstants.swift */,
				EB037BCE1CB98DED00CDB13E /* Language.swift */,
				EBBA55A91CB9656C0082642D /* Accent.swift */,
				EB037BE91CB9E64F00CDB13E /* Article.swift */,
				EB037BEB1CB9F0F500CDB13E /* Translation.swift */,
				EB4A422F1CBC8CE5004EF565 /* DeviceInfo.swift */,
				EB4A42311CBC8D59004EF565 /* Reachability.swift */,
				EBBA55A21CB965230082642D /* Views */,
				EBBA559A1CB964B00082642D /* View Controllers */,
				EB334FB21CB96434009A3985 /* Main.storyboard */,
				EB334FB51CB96434009A3985 /* Assets.xcassets */,
				EB334FB71CB96434009A3985 /* LaunchScreen.storyboard */,
				EB334FBA1CB96434009A3985 /* Info.plist */,
			);
			path = Accent;
			sourceTree = "<group>";
		};
		EBBA559A1CB964B00082642D /* View Controllers */ = {
			isa = PBXGroup;
			children = (
				EBBA559B1CB964EC0082642D /* ArticlesViewController.swift */,
				EBBA559D1CB964FD0082642D /* ArticleViewController.swift */,
				EBBA559F1CB965140082642D /* LanguageViewController.swift */,
				EB037BCA1CB9794000CDB13E /* OnboardingViewController.swift */,
				EB4A422D1CBC7E0B004EF565 /* SettingsViewController.swift */,
			);
			name = "View Controllers";
			sourceTree = "<group>";
		};
		EBBA55A21CB965230082642D /* Views */ = {
			isa = PBXGroup;
			children = (
				EBBA55A31CB9652B0082642D /* ArticleTextView.swift */,
				EBBA55A51CB965470082642D /* ArticleCell.swift */,
				EB037BB01CB9664400CDB13E /* ArticleCell.xib */,
				EB037BB11CB9664400CDB13E /* LargeArticleCell.xib */,
				EB037BB21CB9664400CDB13E /* NoImageArticleCell.xib */,
				EB037BD01CB9A03300CDB13E /* AccentTabBar.swift */,
				EB037BD21CB9B09500CDB13E /* AccentTabView.swift */,
				EBF868D91CBEE9AE00C9A15E /* AudioBar.swift */,
			);
			name = Views;
			sourceTree = "<group>";
		};
/* End PBXGroup section */

/* Begin PBXNativeTarget section */
		EB037BD71CB9B8A100CDB13E /* Add to Accent */ = {
			isa = PBXNativeTarget;
			buildConfigurationList = EB037BE31CB9B8A200CDB13E /* Build configuration list for PBXNativeTarget "Add to Accent" */;
			buildPhases = (
				EB037BD41CB9B8A100CDB13E /* Sources */,
				EB037BD51CB9B8A100CDB13E /* Frameworks */,
				EB037BD61CB9B8A100CDB13E /* Resources */,
			);
			buildRules = (
			);
			dependencies = (
			);
			name = "Add to Accent";
			productName = "Add to Accent";
			productReference = EB037BD81CB9B8A100CDB13E /* Add to Accent.appex */;
			productType = "com.apple.product-type.app-extension";
		};
		EB334FAA1CB96434009A3985 /* Accent */ = {
			isa = PBXNativeTarget;
			buildConfigurationList = EB334FBD1CB96434009A3985 /* Build configuration list for PBXNativeTarget "Accent" */;
			buildPhases = (
				1CFE2241F421EC7C296BEB79 /* Check Pods Manifest.lock */,
				EB334FA71CB96434009A3985 /* Sources */,
				EB334FA81CB96434009A3985 /* Frameworks */,
				EB334FA91CB96434009A3985 /* Resources */,
				5246495F718E3BD29039E2CF /* Embed Pods Frameworks */,
				F8B897C6E88FC88117661C87 /* Copy Pods Resources */,
				EB037BC91CB976FF00CDB13E /* ShellScript */,
				EB037BE61CB9B8A200CDB13E /* Embed App Extensions */,
			);
			buildRules = (
			);
			dependencies = (
				EB037BE11CB9B8A200CDB13E /* PBXTargetDependency */,
			);
			name = Accent;
			productName = Accent;
			productReference = EB334FAB1CB96434009A3985 /* Accent.app */;
			productType = "com.apple.product-type.application";
		};
/* End PBXNativeTarget section */

/* Begin PBXProject section */
		EB334FA31CB96434009A3985 /* Project object */ = {
			isa = PBXProject;
			attributes = {
				LastSwiftUpdateCheck = 0730;
				LastUpgradeCheck = 0730;
				ORGANIZATIONNAME = "Tiny Pixels";
				TargetAttributes = {
					EB037BD71CB9B8A100CDB13E = {
						CreatedOnToolsVersion = 7.3;
						DevelopmentTeam = JDJKS788L2;
						SystemCapabilities = {
							com.apple.ApplicationGroups.iOS = {
								enabled = 1;
							};
						};
					};
					EB334FAA1CB96434009A3985 = {
						CreatedOnToolsVersion = 7.3;
						DevelopmentTeam = JDJKS788L2;
						SystemCapabilities = {
							com.apple.ApplicationGroups.iOS = {
								enabled = 1;
							};
						};
					};
				};
			};
			buildConfigurationList = EB334FA61CB96434009A3985 /* Build configuration list for PBXProject "Accent" */;
			compatibilityVersion = "Xcode 3.2";
			developmentRegion = English;
			hasScannedForEncodings = 0;
			knownRegions = (
				en,
				Base,
			);
			mainGroup = EB334FA21CB96434009A3985;
			productRefGroup = EB334FAC1CB96434009A3985 /* Products */;
			projectDirPath = "";
			projectRoot = "";
			targets = (
				EB334FAA1CB96434009A3985 /* Accent */,
				EB037BD71CB9B8A100CDB13E /* Add to Accent */,
			);
		};
/* End PBXProject section */

/* Begin PBXResourcesBuildPhase section */
		EB037BD61CB9B8A100CDB13E /* Resources */ = {
			isa = PBXResourcesBuildPhase;
			buildActionMask = 2147483647;
			files = (
				EB037BDE1CB9B8A200CDB13E /* MainInterface.storyboard in Resources */,
				EBBF22611CBA91CB00CDA5BB /* Images.xcassets in Resources */,
			);
			runOnlyForDeploymentPostprocessing = 0;
		};
		EB334FA91CB96434009A3985 /* Resources */ = {
			isa = PBXResourcesBuildPhase;
			buildActionMask = 2147483647;
			files = (
				EB037BB31CB9664400CDB13E /* ArticleCell.xib in Resources */,
				EB334FB91CB96434009A3985 /* LaunchScreen.storyboard in Resources */,
				EB334FB61CB96434009A3985 /* Assets.xcassets in Resources */,
				EB037BB41CB9664400CDB13E /* LargeArticleCell.xib in Resources */,
				EB334FB41CB96434009A3985 /* Main.storyboard in Resources */,
				EB037BB51CB9664400CDB13E /* NoImageArticleCell.xib in Resources */,
			);
			runOnlyForDeploymentPostprocessing = 0;
		};
/* End PBXResourcesBuildPhase section */

/* Begin PBXShellScriptBuildPhase section */
		1CFE2241F421EC7C296BEB79 /* Check Pods Manifest.lock */ = {
			isa = PBXShellScriptBuildPhase;
			buildActionMask = 2147483647;
			files = (
			);
			inputPaths = (
			);
			name = "Check Pods Manifest.lock";
			outputPaths = (
			);
			runOnlyForDeploymentPostprocessing = 0;
			shellPath = /bin/sh;
			shellScript = "diff \"${PODS_ROOT}/../Podfile.lock\" \"${PODS_ROOT}/Manifest.lock\" > /dev/null\nif [[ $? != 0 ]] ; then\n    cat << EOM\nerror: The sandbox is not in sync with the Podfile.lock. Run 'pod install' or update your CocoaPods installation.\nEOM\n    exit 1\nfi\n";
			showEnvVarsInLog = 0;
		};
		5246495F718E3BD29039E2CF /* Embed Pods Frameworks */ = {
			isa = PBXShellScriptBuildPhase;
			buildActionMask = 2147483647;
			files = (
			);
			inputPaths = (
			);
			name = "Embed Pods Frameworks";
			outputPaths = (
			);
			runOnlyForDeploymentPostprocessing = 0;
			shellPath = /bin/sh;
			shellScript = "\"${SRCROOT}/Pods/Target Support Files/Pods/Pods-frameworks.sh\"\n";
			showEnvVarsInLog = 0;
		};
		EB037BC91CB976FF00CDB13E /* ShellScript */ = {
			isa = PBXShellScriptBuildPhase;
			buildActionMask = 2147483647;
			files = (
			);
			inputPaths = (
			);
			outputPaths = (
			);
			runOnlyForDeploymentPostprocessing = 0;
			shellPath = /bin/sh;
			shellScript = "\"${PODS_ROOT}\"/Fabric/run c35babf23ec0fd9c674b52a51e4f2bf1206bb1c7 f2cee9b6da1b6e2882e64836ca24021437665ef7caef44fac349d14643863d39";
		};
		F8B897C6E88FC88117661C87 /* Copy Pods Resources */ = {
			isa = PBXShellScriptBuildPhase;
			buildActionMask = 2147483647;
			files = (
			);
			inputPaths = (
			);
			name = "Copy Pods Resources";
			outputPaths = (
			);
			runOnlyForDeploymentPostprocessing = 0;
			shellPath = /bin/sh;
			shellScript = "\"${SRCROOT}/Pods/Target Support Files/Pods/Pods-resources.sh\"\n";
			showEnvVarsInLog = 0;
		};
/* End PBXShellScriptBuildPhase section */

/* Begin PBXSourcesBuildPhase section */
		EB037BD41CB9B8A100CDB13E /* Sources */ = {
			isa = PBXSourcesBuildPhase;
			buildActionMask = 2147483647;
			files = (
				EB037BDB1CB9B8A200CDB13E /* ShareViewController.swift in Sources */,
			);
			runOnlyForDeploymentPostprocessing = 0;
		};
		EB334FA71CB96434009A3985 /* Sources */ = {
			isa = PBXSourcesBuildPhase;
			buildActionMask = 2147483647;
			files = (
				EB037BEA1CB9E64F00CDB13E /* Article.swift in Sources */,
				EB037BD31CB9B09500CDB13E /* AccentTabView.swift in Sources */,
				EB037BEC1CB9F0F500CDB13E /* Translation.swift in Sources */,
				EBBA55A81CB9655C0082642D /* Quizlet.swift in Sources */,
				EB334FAF1CB96434009A3985 /* AppDelegate.swift in Sources */,
				EB4A42301CBC8CE5004EF565 /* DeviceInfo.swift in Sources */,
				EBBA559E1CB964FD0082642D /* ArticleViewController.swift in Sources */,
				EB037BCD1CB97AB200CDB13E /* ColorConstants.swift in Sources */,
				EB4A422E1CBC7E0B004EF565 /* SettingsViewController.swift in Sources */,
				EBBA55A61CB965470082642D /* ArticleCell.swift in Sources */,
				EBBA55A01CB965140082642D /* LanguageViewController.swift in Sources */,
				EBF868DA1CBEE9AE00C9A15E /* AudioBar.swift in Sources */,
				EBBA55AA1CB9656C0082642D /* Accent.swift in Sources */,
				EBBA559C1CB964EC0082642D /* ArticlesViewController.swift in Sources */,
				EB037BCB1CB9794000CDB13E /* OnboardingViewController.swift in Sources */,
				EB4A42321CBC8D59004EF565 /* Reachability.swift in Sources */,
				EBBA55A41CB9652B0082642D /* ArticleTextView.swift in Sources */,
				EB037BCF1CB98DED00CDB13E /* Language.swift in Sources */,
				EB037BD11CB9A03300CDB13E /* AccentTabBar.swift in Sources */,
			);
			runOnlyForDeploymentPostprocessing = 0;
		};
/* End PBXSourcesBuildPhase section */

/* Begin PBXTargetDependency section */
		EB037BE11CB9B8A200CDB13E /* PBXTargetDependency */ = {
			isa = PBXTargetDependency;
			target = EB037BD71CB9B8A100CDB13E /* Add to Accent */;
			targetProxy = EB037BE01CB9B8A200CDB13E /* PBXContainerItemProxy */;
		};
/* End PBXTargetDependency section */

/* Begin PBXVariantGroup section */
		EB037BDC1CB9B8A200CDB13E /* MainInterface.storyboard */ = {
			isa = PBXVariantGroup;
			children = (
				EB037BDD1CB9B8A200CDB13E /* Base */,
			);
			name = MainInterface.storyboard;
			sourceTree = "<group>";
		};
		EB334FB21CB96434009A3985 /* Main.storyboard */ = {
			isa = PBXVariantGroup;
			children = (
				EB334FB31CB96434009A3985 /* Base */,
			);
			name = Main.storyboard;
			sourceTree = "<group>";
		};
		EB334FB71CB96434009A3985 /* LaunchScreen.storyboard */ = {
			isa = PBXVariantGroup;
			children = (
				EB334FB81CB96434009A3985 /* Base */,
			);
			name = LaunchScreen.storyboard;
			sourceTree = "<group>";
		};
/* End PBXVariantGroup section */

/* Begin XCBuildConfiguration section */
		EB037BE41CB9B8A200CDB13E /* Debug */ = {
			isa = XCBuildConfiguration;
			buildSettings = {
				ASSETCATALOG_COMPILER_APPICON_NAME = AppIcon;
				CODE_SIGN_ENTITLEMENTS = "Add to Accent/Add to Accent.entitlements";
				INFOPLIST_FILE = "Add to Accent/Info.plist";
				IPHONEOS_DEPLOYMENT_TARGET = 8.2;
				LD_RUNPATH_SEARCH_PATHS = "$(inherited) @executable_path/Frameworks @executable_path/../../Frameworks";
				PRODUCT_BUNDLE_IDENTIFIER = "io.tinypixels.Accent.Add-to-Accent";
				PRODUCT_NAME = "$(TARGET_NAME)";
				SKIP_INSTALL = YES;
			};
			name = Debug;
		};
		EB037BE51CB9B8A200CDB13E /* Release */ = {
			isa = XCBuildConfiguration;
			buildSettings = {
				ASSETCATALOG_COMPILER_APPICON_NAME = AppIcon;
				CODE_SIGN_ENTITLEMENTS = "Add to Accent/Add to Accent.entitlements";
				INFOPLIST_FILE = "Add to Accent/Info.plist";
				IPHONEOS_DEPLOYMENT_TARGET = 8.2;
				LD_RUNPATH_SEARCH_PATHS = "$(inherited) @executable_path/Frameworks @executable_path/../../Frameworks";
				PRODUCT_BUNDLE_IDENTIFIER = "io.tinypixels.Accent.Add-to-Accent";
				PRODUCT_NAME = "$(TARGET_NAME)";
				SKIP_INSTALL = YES;
			};
			name = Release;
		};
		EB334FBB1CB96434009A3985 /* Debug */ = {
			isa = XCBuildConfiguration;
			buildSettings = {
				ALWAYS_SEARCH_USER_PATHS = NO;
				CLANG_ANALYZER_NONNULL = YES;
				CLANG_CXX_LANGUAGE_STANDARD = "gnu++0x";
				CLANG_CXX_LIBRARY = "libc++";
				CLANG_ENABLE_MODULES = YES;
				CLANG_ENABLE_OBJC_ARC = YES;
				CLANG_WARN_BOOL_CONVERSION = YES;
				CLANG_WARN_CONSTANT_CONVERSION = YES;
				CLANG_WARN_DIRECT_OBJC_ISA_USAGE = YES_ERROR;
				CLANG_WARN_EMPTY_BODY = YES;
				CLANG_WARN_ENUM_CONVERSION = YES;
				CLANG_WARN_INT_CONVERSION = YES;
				CLANG_WARN_OBJC_ROOT_CLASS = YES_ERROR;
				CLANG_WARN_UNREACHABLE_CODE = YES;
				CLANG_WARN__DUPLICATE_METHOD_MATCH = YES;
				"CODE_SIGN_IDENTITY[sdk=iphoneos*]" = "iPhone Developer";
				COPY_PHASE_STRIP = NO;
				DEBUG_INFORMATION_FORMAT = dwarf;
				ENABLE_STRICT_OBJC_MSGSEND = YES;
				ENABLE_TESTABILITY = YES;
				GCC_C_LANGUAGE_STANDARD = gnu99;
				GCC_DYNAMIC_NO_PIC = NO;
				GCC_NO_COMMON_BLOCKS = YES;
				GCC_OPTIMIZATION_LEVEL = 0;
				GCC_PREPROCESSOR_DEFINITIONS = (
					"DEBUG=1",
					"$(inherited)",
				);
				GCC_WARN_64_TO_32_BIT_CONVERSION = YES;
				GCC_WARN_ABOUT_RETURN_TYPE = YES_ERROR;
				GCC_WARN_UNDECLARED_SELECTOR = YES;
				GCC_WARN_UNINITIALIZED_AUTOS = YES_AGGRESSIVE;
				GCC_WARN_UNUSED_FUNCTION = YES;
				GCC_WARN_UNUSED_VARIABLE = YES;
				IPHONEOS_DEPLOYMENT_TARGET = 9.3;
				MTL_ENABLE_DEBUG_INFO = YES;
				ONLY_ACTIVE_ARCH = YES;
				SDKROOT = iphoneos;
				SWIFT_OPTIMIZATION_LEVEL = "-Onone";
				TARGETED_DEVICE_FAMILY = "1,2";
			};
			name = Debug;
		};
		EB334FBC1CB96434009A3985 /* Release */ = {
			isa = XCBuildConfiguration;
			buildSettings = {
				ALWAYS_SEARCH_USER_PATHS = NO;
				CLANG_ANALYZER_NONNULL = YES;
				CLANG_CXX_LANGUAGE_STANDARD = "gnu++0x";
				CLANG_CXX_LIBRARY = "libc++";
				CLANG_ENABLE_MODULES = YES;
				CLANG_ENABLE_OBJC_ARC = YES;
				CLANG_WARN_BOOL_CONVERSION = YES;
				CLANG_WARN_CONSTANT_CONVERSION = YES;
				CLANG_WARN_DIRECT_OBJC_ISA_USAGE = YES_ERROR;
				CLANG_WARN_EMPTY_BODY = YES;
				CLANG_WARN_ENUM_CONVERSION = YES;
				CLANG_WARN_INT_CONVERSION = YES;
				CLANG_WARN_OBJC_ROOT_CLASS = YES_ERROR;
				CLANG_WARN_UNREACHABLE_CODE = YES;
				CLANG_WARN__DUPLICATE_METHOD_MATCH = YES;
				"CODE_SIGN_IDENTITY[sdk=iphoneos*]" = "iPhone Developer";
				COPY_PHASE_STRIP = NO;
				DEBUG_INFORMATION_FORMAT = "dwarf-with-dsym";
				ENABLE_NS_ASSERTIONS = NO;
				ENABLE_STRICT_OBJC_MSGSEND = YES;
				GCC_C_LANGUAGE_STANDARD = gnu99;
				GCC_NO_COMMON_BLOCKS = YES;
				GCC_WARN_64_TO_32_BIT_CONVERSION = YES;
				GCC_WARN_ABOUT_RETURN_TYPE = YES_ERROR;
				GCC_WARN_UNDECLARED_SELECTOR = YES;
				GCC_WARN_UNINITIALIZED_AUTOS = YES_AGGRESSIVE;
				GCC_WARN_UNUSED_FUNCTION = YES;
				GCC_WARN_UNUSED_VARIABLE = YES;
				IPHONEOS_DEPLOYMENT_TARGET = 9.3;
				MTL_ENABLE_DEBUG_INFO = NO;
				SDKROOT = iphoneos;
				TARGETED_DEVICE_FAMILY = "1,2";
				VALIDATE_PRODUCT = YES;
			};
			name = Release;
		};
		EB334FBE1CB96434009A3985 /* Debug */ = {
			isa = XCBuildConfiguration;
			baseConfigurationReference = 041EEF364B27E3387B94BFB5 /* Pods.debug.xcconfig */;
			buildSettings = {
				ASSETCATALOG_COMPILER_APPICON_NAME = AppIcon;
				CODE_SIGN_ENTITLEMENTS = Accent/Accent.entitlements;
				CODE_SIGN_IDENTITY = "iPhone Developer";
				DEBUG_INFORMATION_FORMAT = "dwarf-with-dsym";
				INFOPLIST_FILE = Accent/Info.plist;
				IPHONEOS_DEPLOYMENT_TARGET = 8.2;
				LD_RUNPATH_SEARCH_PATHS = "$(inherited) @executable_path/Frameworks";
				PRODUCT_BUNDLE_IDENTIFIER = io.tinypixels.Accent;
				PRODUCT_NAME = "$(TARGET_NAME)";
			};
			name = Debug;
		};
		EB334FBF1CB96434009A3985 /* Release */ = {
			isa = XCBuildConfiguration;
			baseConfigurationReference = B040039E3633DC711F645CF4 /* Pods.release.xcconfig */;
			buildSettings = {
				ASSETCATALOG_COMPILER_APPICON_NAME = AppIcon;
				CODE_SIGN_ENTITLEMENTS = Accent/Accent.entitlements;
				CODE_SIGN_IDENTITY = "iPhone Developer";
				DEBUG_INFORMATION_FORMAT = "dwarf-with-dsym";
				INFOPLIST_FILE = Accent/Info.plist;
				IPHONEOS_DEPLOYMENT_TARGET = 8.2;
				LD_RUNPATH_SEARCH_PATHS = "$(inherited) @executable_path/Frameworks";
				PRODUCT_BUNDLE_IDENTIFIER = io.tinypixels.Accent;
				PRODUCT_NAME = "$(TARGET_NAME)";
			};
			name = Release;
		};
/* End XCBuildConfiguration section */

/* Begin XCConfigurationList section */
		EB037BE31CB9B8A200CDB13E /* Build configuration list for PBXNativeTarget "Add to Accent" */ = {
			isa = XCConfigurationList;
			buildConfigurations = (
				EB037BE41CB9B8A200CDB13E /* Debug */,
				EB037BE51CB9B8A200CDB13E /* Release */,
			);
			defaultConfigurationIsVisible = 0;
			defaultConfigurationName = Release;
		};
		EB334FA61CB96434009A3985 /* Build configuration list for PBXProject "Accent" */ = {
			isa = XCConfigurationList;
			buildConfigurations = (
				EB334FBB1CB96434009A3985 /* Debug */,
				EB334FBC1CB96434009A3985 /* Release */,
			);
			defaultConfigurationIsVisible = 0;
			defaultConfigurationName = Release;
		};
		EB334FBD1CB96434009A3985 /* Build configuration list for PBXNativeTarget "Accent" */ = {
			isa = XCConfigurationList;
			buildConfigurations = (
				EB334FBE1CB96434009A3985 /* Debug */,
				EB334FBF1CB96434009A3985 /* Release */,
			);
			defaultConfigurationIsVisible = 0;
			defaultConfigurationName = Release;
		};
/* End XCConfigurationList section */
	};
	rootObject = EB334FA31CB96434009A3985 /* Project object */;
}
